// !$*UTF8*$!
{
	archiveVersion = 1;
	classes = {
	};
	objectVersion = 46;
	objects = {

/* Begin PBXBuildFile section */
		020A7EAF1F1265F800C16785 /* DeeplinkNavigation.swift in Sources */ = {isa = PBXBuildFile; fileRef = 020A7EAE1F1265F800C16785 /* DeeplinkNavigation.swift */; };
		020A7EB21F127B5100C16785 /* XibViewController.swift in Sources */ = {isa = PBXBuildFile; fileRef = 020A7EB01F127B5100C16785 /* XibViewController.swift */; };
		020A7EB31F127B5100C16785 /* XibViewController.xib in Resources */ = {isa = PBXBuildFile; fileRef = 020A7EB11F127B5100C16785 /* XibViewController.xib */; };
		020A7EB71F127C1A00C16785 /* MainViewController.swift in Sources */ = {isa = PBXBuildFile; fileRef = 020A7EB61F127C1900C16785 /* MainViewController.swift */; };
		020A7EB91F1285C900C16785 /* Titlable.swift in Sources */ = {isa = PBXBuildFile; fileRef = 020A7EB81F1285C900C16785 /* Titlable.swift */; };
		02384B301F14A1CA00C1537A /* DeeplinkNavigator+Extenstion.swift in Sources */ = {isa = PBXBuildFile; fileRef = 02384B2F1F14A1CA00C1537A /* DeeplinkNavigator+Extenstion.swift */; };
		02384B321F14C91800C1537A /* PushOrPopViewController.swift in Sources */ = {isa = PBXBuildFile; fileRef = 02384B311F14C91800C1537A /* PushOrPopViewController.swift */; };
		02384B341F14D12E00C1537A /* TestViewController.swift in Sources */ = {isa = PBXBuildFile; fileRef = 02384B331F14D12E00C1537A /* TestViewController.swift */; };
		028BD6D71E8A934C000F43E7 /* DeeplinkNavigator.swift in Sources */ = {isa = PBXBuildFile; fileRef = 028BD6D21E8A934C000F43E7 /* DeeplinkNavigator.swift */; };
		028BD6D81E8A934C000F43E7 /* DeeplinkConvertible.swift in Sources */ = {isa = PBXBuildFile; fileRef = 028BD6D31E8A934C000F43E7 /* DeeplinkConvertible.swift */; };
		028BD6D91E8A934C000F43E7 /* DeeplinkMatcher.swift in Sources */ = {isa = PBXBuildFile; fileRef = 028BD6D41E8A934C000F43E7 /* DeeplinkMatcher.swift */; };
		028BD6DA1E8A934C000F43E7 /* DeeplinkNavigable.swift in Sources */ = {isa = PBXBuildFile; fileRef = 028BD6D51E8A934C000F43E7 /* DeeplinkNavigable.swift */; };
		028BD6DB1E8A934C000F43E7 /* UIViewController+TopViewController.swift in Sources */ = {isa = PBXBuildFile; fileRef = 028BD6D61E8A934C000F43E7 /* UIViewController+TopViewController.swift */; };
		02E0B7541E7662AD00A6845D /* AppDelegate.swift in Sources */ = {isa = PBXBuildFile; fileRef = 02E0B7531E7662AD00A6845D /* AppDelegate.swift */; };
		02E0B7561E7662AD00A6845D /* StoryboardViewController.swift in Sources */ = {isa = PBXBuildFile; fileRef = 02E0B7551E7662AD00A6845D /* StoryboardViewController.swift */; };
		02E0B7591E7662AD00A6845D /* Main.storyboard in Resources */ = {isa = PBXBuildFile; fileRef = 02E0B7571E7662AD00A6845D /* Main.storyboard */; };
		02E0B75B1E7662AD00A6845D /* Assets.xcassets in Resources */ = {isa = PBXBuildFile; fileRef = 02E0B75A1E7662AD00A6845D /* Assets.xcassets */; };
		02E0B75E1E7662AD00A6845D /* LaunchScreen.storyboard in Resources */ = {isa = PBXBuildFile; fileRef = 02E0B75C1E7662AD00A6845D /* LaunchScreen.storyboard */; };
		02E0B7851E77B84100A6845D /* DeeplinkNavigatorTests.swift in Sources */ = {isa = PBXBuildFile; fileRef = 02E0B7841E77B84100A6845D /* DeeplinkNavigatorTests.swift */; };
		02E0B7911E77BC4500A6845D /* InitViewController.swift in Sources */ = {isa = PBXBuildFile; fileRef = 02E0B7901E77BC4500A6845D /* InitViewController.swift */; };
		E9F04E7FCB32F69EBE12ABD0 /* Pods_DeeplinkNavigator.framework in Frameworks */ = {isa = PBXBuildFile; fileRef = 41980B3897308074789740B2 /* Pods_DeeplinkNavigator.framework */; };
/* End PBXBuildFile section */

/* Begin PBXContainerItemProxy section */
		02E0B7871E77B84100A6845D /* PBXContainerItemProxy */ = {
			isa = PBXContainerItemProxy;
			containerPortal = 02E0B7481E7662AD00A6845D /* Project object */;
			proxyType = 1;
			remoteGlobalIDString = 02E0B74F1E7662AD00A6845D;
			remoteInfo = DeeplinkNavigator;
		};
/* End PBXContainerItemProxy section */

/* Begin PBXFileReference section */
		020A7EAE1F1265F800C16785 /* DeeplinkNavigation.swift */ = {isa = PBXFileReference; fileEncoding = 4; lastKnownFileType = sourcecode.swift; lineEnding = 0; path = DeeplinkNavigation.swift; sourceTree = "<group>"; xcLanguageSpecificationIdentifier = xcode.lang.swift; };
		020A7EB01F127B5100C16785 /* XibViewController.swift */ = {isa = PBXFileReference; fileEncoding = 4; lastKnownFileType = sourcecode.swift; lineEnding = 0; path = XibViewController.swift; sourceTree = "<group>"; xcLanguageSpecificationIdentifier = xcode.lang.swift; };
		020A7EB11F127B5100C16785 /* XibViewController.xib */ = {isa = PBXFileReference; fileEncoding = 4; lastKnownFileType = file.xib; path = XibViewController.xib; sourceTree = "<group>"; };
		020A7EB61F127C1900C16785 /* MainViewController.swift */ = {isa = PBXFileReference; fileEncoding = 4; lastKnownFileType = sourcecode.swift; path = MainViewController.swift; sourceTree = "<group>"; };
		020A7EB81F1285C900C16785 /* Titlable.swift */ = {isa = PBXFileReference; fileEncoding = 4; lastKnownFileType = sourcecode.swift; path = Titlable.swift; sourceTree = "<group>"; };
		02384B2F1F14A1CA00C1537A /* DeeplinkNavigator+Extenstion.swift */ = {isa = PBXFileReference; fileEncoding = 4; lastKnownFileType = sourcecode.swift; path = "DeeplinkNavigator+Extenstion.swift"; sourceTree = "<group>"; };
		02384B311F14C91800C1537A /* PushOrPopViewController.swift */ = {isa = PBXFileReference; fileEncoding = 4; lastKnownFileType = sourcecode.swift; path = PushOrPopViewController.swift; sourceTree = "<group>"; };
		02384B331F14D12E00C1537A /* TestViewController.swift */ = {isa = PBXFileReference; fileEncoding = 4; lastKnownFileType = sourcecode.swift; path = TestViewController.swift; sourceTree = "<group>"; };
		028BD6D21E8A934C000F43E7 /* DeeplinkNavigator.swift */ = {isa = PBXFileReference; fileEncoding = 4; lastKnownFileType = sourcecode.swift; lineEnding = 0; path = DeeplinkNavigator.swift; sourceTree = "<group>"; xcLanguageSpecificationIdentifier = xcode.lang.swift; };
		028BD6D31E8A934C000F43E7 /* DeeplinkConvertible.swift */ = {isa = PBXFileReference; fileEncoding = 4; lastKnownFileType = sourcecode.swift; lineEnding = 0; path = DeeplinkConvertible.swift; sourceTree = "<group>"; xcLanguageSpecificationIdentifier = xcode.lang.swift; };
		028BD6D41E8A934C000F43E7 /* DeeplinkMatcher.swift */ = {isa = PBXFileReference; fileEncoding = 4; lastKnownFileType = sourcecode.swift; lineEnding = 0; path = DeeplinkMatcher.swift; sourceTree = "<group>"; xcLanguageSpecificationIdentifier = xcode.lang.swift; };
		028BD6D51E8A934C000F43E7 /* DeeplinkNavigable.swift */ = {isa = PBXFileReference; fileEncoding = 4; lastKnownFileType = sourcecode.swift; lineEnding = 0; path = DeeplinkNavigable.swift; sourceTree = "<group>"; xcLanguageSpecificationIdentifier = xcode.lang.swift; };
		028BD6D61E8A934C000F43E7 /* UIViewController+TopViewController.swift */ = {isa = PBXFileReference; fileEncoding = 4; lastKnownFileType = sourcecode.swift; lineEnding = 0; path = "UIViewController+TopViewController.swift"; sourceTree = "<group>"; xcLanguageSpecificationIdentifier = xcode.lang.swift; };
		02E0B7501E7662AD00A6845D /* DeeplinkNavigator.app */ = {isa = PBXFileReference; explicitFileType = wrapper.application; includeInIndex = 0; path = DeeplinkNavigator.app; sourceTree = BUILT_PRODUCTS_DIR; };
		02E0B7531E7662AD00A6845D /* AppDelegate.swift */ = {isa = PBXFileReference; lastKnownFileType = sourcecode.swift; path = AppDelegate.swift; sourceTree = "<group>"; };
		02E0B7551E7662AD00A6845D /* StoryboardViewController.swift */ = {isa = PBXFileReference; lastKnownFileType = sourcecode.swift; lineEnding = 0; path = StoryboardViewController.swift; sourceTree = "<group>"; xcLanguageSpecificationIdentifier = xcode.lang.swift; };
		02E0B7581E7662AD00A6845D /* Base */ = {isa = PBXFileReference; lastKnownFileType = file.storyboard; name = Base; path = Base.lproj/Main.storyboard; sourceTree = "<group>"; };
		02E0B75A1E7662AD00A6845D /* Assets.xcassets */ = {isa = PBXFileReference; lastKnownFileType = folder.assetcatalog; path = Assets.xcassets; sourceTree = "<group>"; };
		02E0B75D1E7662AD00A6845D /* Base */ = {isa = PBXFileReference; lastKnownFileType = file.storyboard; name = Base; path = Base.lproj/LaunchScreen.storyboard; sourceTree = "<group>"; };
		02E0B75F1E7662AD00A6845D /* Info.plist */ = {isa = PBXFileReference; lastKnownFileType = text.plist.xml; path = Info.plist; sourceTree = "<group>"; };
		02E0B7821E77B84100A6845D /* DeeplinkNavigatorTests.xctest */ = {isa = PBXFileReference; explicitFileType = wrapper.cfbundle; includeInIndex = 0; path = DeeplinkNavigatorTests.xctest; sourceTree = BUILT_PRODUCTS_DIR; };
		02E0B7841E77B84100A6845D /* DeeplinkNavigatorTests.swift */ = {isa = PBXFileReference; lastKnownFileType = sourcecode.swift; path = DeeplinkNavigatorTests.swift; sourceTree = "<group>"; };
		02E0B7861E77B84100A6845D /* Info.plist */ = {isa = PBXFileReference; lastKnownFileType = text.plist.xml; path = Info.plist; sourceTree = "<group>"; };
		02E0B7901E77BC4500A6845D /* InitViewController.swift */ = {isa = PBXFileReference; fileEncoding = 4; lastKnownFileType = sourcecode.swift; lineEnding = 0; path = InitViewController.swift; sourceTree = "<group>"; xcLanguageSpecificationIdentifier = xcode.lang.swift; };
		396A8B6D9E0B6FF14BE46D72 /* Pods-DeeplinkNavigator.debug.xcconfig */ = {isa = PBXFileReference; includeInIndex = 1; lastKnownFileType = text.xcconfig; name = "Pods-DeeplinkNavigator.debug.xcconfig"; path = "Pods/Target Support Files/Pods-DeeplinkNavigator/Pods-DeeplinkNavigator.debug.xcconfig"; sourceTree = "<group>"; };
		41980B3897308074789740B2 /* Pods_DeeplinkNavigator.framework */ = {isa = PBXFileReference; explicitFileType = wrapper.framework; includeInIndex = 0; path = Pods_DeeplinkNavigator.framework; sourceTree = BUILT_PRODUCTS_DIR; };
		97A662B71DA73BA450C99444 /* Pods-DeeplinkNavigator.release.xcconfig */ = {isa = PBXFileReference; includeInIndex = 1; lastKnownFileType = text.xcconfig; name = "Pods-DeeplinkNavigator.release.xcconfig"; path = "Pods/Target Support Files/Pods-DeeplinkNavigator/Pods-DeeplinkNavigator.release.xcconfig"; sourceTree = "<group>"; };
/* End PBXFileReference section */

/* Begin PBXFrameworksBuildPhase section */
		02E0B74D1E7662AD00A6845D /* Frameworks */ = {
			isa = PBXFrameworksBuildPhase;
			buildActionMask = 2147483647;
			files = (
				E9F04E7FCB32F69EBE12ABD0 /* Pods_DeeplinkNavigator.framework in Frameworks */,
			);
			runOnlyForDeploymentPostprocessing = 0;
		};
		02E0B77F1E77B84100A6845D /* Frameworks */ = {
			isa = PBXFrameworksBuildPhase;
			buildActionMask = 2147483647;
			files = (
			);
			runOnlyForDeploymentPostprocessing = 0;
		};
/* End PBXFrameworksBuildPhase section */

/* Begin PBXGroup section */
		028BD6D11E8A934C000F43E7 /* Sources */ = {
			isa = PBXGroup;
			children = (
				028BD6D21E8A934C000F43E7 /* DeeplinkNavigator.swift */,
				028BD6D51E8A934C000F43E7 /* DeeplinkNavigable.swift */,
				020A7EAE1F1265F800C16785 /* DeeplinkNavigation.swift */,
				028BD6D41E8A934C000F43E7 /* DeeplinkMatcher.swift */,
				028BD6D31E8A934C000F43E7 /* DeeplinkConvertible.swift */,
				028BD6D61E8A934C000F43E7 /* UIViewController+TopViewController.swift */,
			);
			name = Sources;
			path = ../Sources;
			sourceTree = "<group>";
		};
		02E0B7471E7662AD00A6845D = {
			isa = PBXGroup;
			children = (
				028BD6D11E8A934C000F43E7 /* Sources */,
				02E0B7521E7662AD00A6845D /* DeeplinkNavigator */,
				02E0B7831E77B84100A6845D /* DeeplinkNavigatorTests */,
				02E0B7511E7662AD00A6845D /* Products */,
				575091F0C67A65A57A17079B /* Pods */,
				FC9AC21FF99756B83A11D2A3 /* Frameworks */,
			);
			sourceTree = "<group>";
		};
		02E0B7511E7662AD00A6845D /* Products */ = {
			isa = PBXGroup;
			children = (
				02E0B7501E7662AD00A6845D /* DeeplinkNavigator.app */,
				02E0B7821E77B84100A6845D /* DeeplinkNavigatorTests.xctest */,
			);
			name = Products;
			sourceTree = "<group>";
		};
		02E0B7521E7662AD00A6845D /* DeeplinkNavigator */ = {
			isa = PBXGroup;
			children = (
				02E0B7531E7662AD00A6845D /* AppDelegate.swift */,
				020A7EB61F127C1900C16785 /* MainViewController.swift */,
				02E0B7551E7662AD00A6845D /* StoryboardViewController.swift */,
				020A7EB01F127B5100C16785 /* XibViewController.swift */,
				020A7EB11F127B5100C16785 /* XibViewController.xib */,
				02E0B7901E77BC4500A6845D /* InitViewController.swift */,
				02384B311F14C91800C1537A /* PushOrPopViewController.swift */,
				02384B331F14D12E00C1537A /* TestViewController.swift */,
				020A7EB81F1285C900C16785 /* Titlable.swift */,
				02384B2F1F14A1CA00C1537A /* DeeplinkNavigator+Extenstion.swift */,
				02E0B7571E7662AD00A6845D /* Main.storyboard */,
				02E0B75A1E7662AD00A6845D /* Assets.xcassets */,
				02E0B75C1E7662AD00A6845D /* LaunchScreen.storyboard */,
				02E0B75F1E7662AD00A6845D /* Info.plist */,
			);
			path = DeeplinkNavigator;
			sourceTree = "<group>";
		};
		02E0B7831E77B84100A6845D /* DeeplinkNavigatorTests */ = {
			isa = PBXGroup;
			children = (
				02E0B7841E77B84100A6845D /* DeeplinkNavigatorTests.swift */,
				02E0B7861E77B84100A6845D /* Info.plist */,
			);
			path = DeeplinkNavigatorTests;
			sourceTree = "<group>";
		};
		575091F0C67A65A57A17079B /* Pods */ = {
			isa = PBXGroup;
			children = (
				396A8B6D9E0B6FF14BE46D72 /* Pods-DeeplinkNavigator.debug.xcconfig */,
				97A662B71DA73BA450C99444 /* Pods-DeeplinkNavigator.release.xcconfig */,
			);
			name = Pods;
			sourceTree = "<group>";
		};
		FC9AC21FF99756B83A11D2A3 /* Frameworks */ = {
			isa = PBXGroup;
			children = (
				41980B3897308074789740B2 /* Pods_DeeplinkNavigator.framework */,
			);
			name = Frameworks;
			sourceTree = "<group>";
		};
/* End PBXGroup section */

/* Begin PBXNativeTarget section */
		02E0B74F1E7662AD00A6845D /* DeeplinkNavigator */ = {
			isa = PBXNativeTarget;
			buildConfigurationList = 02E0B7621E7662AD00A6845D /* Build configuration list for PBXNativeTarget "DeeplinkNavigator" */;
			buildPhases = (
				E91890F42952DEB2C75C64A5 /* [CP] Check Pods Manifest.lock */,
				02E0B74C1E7662AD00A6845D /* Sources */,
				02E0B74D1E7662AD00A6845D /* Frameworks */,
				02E0B74E1E7662AD00A6845D /* Resources */,
				086A0FBDFC2149FD1FD17534 /* [CP] Embed Pods Frameworks */,
				19878AE4F6198EEF70AD0A00 /* [CP] Copy Pods Resources */,
			);
			buildRules = (
			);
			dependencies = (
			);
			name = DeeplinkNavigator;
			productName = DeeplinkNavigator;
			productReference = 02E0B7501E7662AD00A6845D /* DeeplinkNavigator.app */;
			productType = "com.apple.product-type.application";
		};
		02E0B7811E77B84100A6845D /* DeeplinkNavigatorTests */ = {
			isa = PBXNativeTarget;
			buildConfigurationList = 02E0B7891E77B84100A6845D /* Build configuration list for PBXNativeTarget "DeeplinkNavigatorTests" */;
			buildPhases = (
				02E0B77E1E77B84100A6845D /* Sources */,
				02E0B77F1E77B84100A6845D /* Frameworks */,
				02E0B7801E77B84100A6845D /* Resources */,
			);
			buildRules = (
			);
			dependencies = (
				02E0B7881E77B84100A6845D /* PBXTargetDependency */,
			);
			name = DeeplinkNavigatorTests;
			productName = DeeplinkNavigatorTests;
			productReference = 02E0B7821E77B84100A6845D /* DeeplinkNavigatorTests.xctest */;
			productType = "com.apple.product-type.bundle.unit-test";
		};
/* End PBXNativeTarget section */

/* Begin PBXProject section */
		02E0B7481E7662AD00A6845D /* Project object */ = {
			isa = PBXProject;
			attributes = {
				LastSwiftUpdateCheck = 0820;
				LastUpgradeCheck = 0820;
				ORGANIZATIONNAME = Hanguang;
				TargetAttributes = {
					02E0B74F1E7662AD00A6845D = {
						CreatedOnToolsVersion = 8.2.1;
						DevelopmentTeam = 2L4985KKX7;
						ProvisioningStyle = Automatic;
					};
					02E0B7811E77B84100A6845D = {
						CreatedOnToolsVersion = 8.2.1;
						DevelopmentTeam = 2L4985KKX7;
						ProvisioningStyle = Automatic;
						TestTargetID = 02E0B74F1E7662AD00A6845D;
					};
				};
			};
			buildConfigurationList = 02E0B74B1E7662AD00A6845D /* Build configuration list for PBXProject "DeeplinkNavigator" */;
			compatibilityVersion = "Xcode 3.2";
			developmentRegion = English;
			hasScannedForEncodings = 0;
			knownRegions = (
				en,
				Base,
			);
			mainGroup = 02E0B7471E7662AD00A6845D;
			productRefGroup = 02E0B7511E7662AD00A6845D /* Products */;
			projectDirPath = "";
			projectRoot = "";
			targets = (
				02E0B74F1E7662AD00A6845D /* DeeplinkNavigator */,
				02E0B7811E77B84100A6845D /* DeeplinkNavigatorTests */,
			);
		};
/* End PBXProject section */

/* Begin PBXResourcesBuildPhase section */
		02E0B74E1E7662AD00A6845D /* Resources */ = {
			isa = PBXResourcesBuildPhase;
			buildActionMask = 2147483647;
			files = (
				020A7EB31F127B5100C16785 /* XibViewController.xib in Resources */,
				02E0B75E1E7662AD00A6845D /* LaunchScreen.storyboard in Resources */,
				02E0B75B1E7662AD00A6845D /* Assets.xcassets in Resources */,
				02E0B7591E7662AD00A6845D /* Main.storyboard in Resources */,
			);
			runOnlyForDeploymentPostprocessing = 0;
		};
		02E0B7801E77B84100A6845D /* Resources */ = {
			isa = PBXResourcesBuildPhase;
			buildActionMask = 2147483647;
			files = (
			);
			runOnlyForDeploymentPostprocessing = 0;
		};
/* End PBXResourcesBuildPhase section */

/* Begin PBXShellScriptBuildPhase section */
		086A0FBDFC2149FD1FD17534 /* [CP] Embed Pods Frameworks */ = {
			isa = PBXShellScriptBuildPhase;
			buildActionMask = 2147483647;
			files = (
			);
			inputPaths = (
			);
			name = "[CP] Embed Pods Frameworks";
			outputPaths = (
			);
			runOnlyForDeploymentPostprocessing = 0;
			shellPath = /bin/sh;
			shellScript = "\"${SRCROOT}/Pods/Target Support Files/Pods-DeeplinkNavigator/Pods-DeeplinkNavigator-frameworks.sh\"\n";
			showEnvVarsInLog = 0;
		};
		19878AE4F6198EEF70AD0A00 /* [CP] Copy Pods Resources */ = {
			isa = PBXShellScriptBuildPhase;
			buildActionMask = 2147483647;
			files = (
			);
			inputPaths = (
			);
			name = "[CP] Copy Pods Resources";
			outputPaths = (
			);
			runOnlyForDeploymentPostprocessing = 0;
			shellPath = /bin/sh;
			shellScript = "\"${SRCROOT}/Pods/Target Support Files/Pods-DeeplinkNavigator/Pods-DeeplinkNavigator-resources.sh\"\n";
			showEnvVarsInLog = 0;
		};
		E91890F42952DEB2C75C64A5 /* [CP] Check Pods Manifest.lock */ = {
			isa = PBXShellScriptBuildPhase;
			buildActionMask = 2147483647;
			files = (
			);
			inputPaths = (
			);
			name = "[CP] Check Pods Manifest.lock";
			outputPaths = (
			);
			runOnlyForDeploymentPostprocessing = 0;
			shellPath = /bin/sh;
			shellScript = "diff \"${PODS_ROOT}/../Podfile.lock\" \"${PODS_ROOT}/Manifest.lock\" > /dev/null\nif [ $? != 0 ] ; then\n    # print error to STDERR\n    echo \"error: The sandbox is not in sync with the Podfile.lock. Run 'pod install' or update your CocoaPods installation.\" >&2\n    exit 1\nfi\n";
			showEnvVarsInLog = 0;
		};
/* End PBXShellScriptBuildPhase section */

/* Begin PBXSourcesBuildPhase section */
		02E0B74C1E7662AD00A6845D /* Sources */ = {
			isa = PBXSourcesBuildPhase;
			buildActionMask = 2147483647;
			files = (
				020A7EB21F127B5100C16785 /* XibViewController.swift in Sources */,
				020A7EB71F127C1A00C16785 /* MainViewController.swift in Sources */,
				02E0B7561E7662AD00A6845D /* StoryboardViewController.swift in Sources */,
				02E0B7911E77BC4500A6845D /* InitViewController.swift in Sources */,
				028BD6D91E8A934C000F43E7 /* DeeplinkMatcher.swift in Sources */,
				02E0B7541E7662AD00A6845D /* AppDelegate.swift in Sources */,
				02384B301F14A1CA00C1537A /* DeeplinkNavigator+Extenstion.swift in Sources */,
				020A7EB91F1285C900C16785 /* Titlable.swift in Sources */,
				020A7EAF1F1265F800C16785 /* DeeplinkNavigation.swift in Sources */,
				028BD6D71E8A934C000F43E7 /* DeeplinkNavigator.swift in Sources */,
				02384B341F14D12E00C1537A /* TestViewController.swift in Sources */,
				028BD6DB1E8A934C000F43E7 /* UIViewController+TopViewController.swift in Sources */,
				02384B321F14C91800C1537A /* PushOrPopViewController.swift in Sources */,
				028BD6D81E8A934C000F43E7 /* DeeplinkConvertible.swift in Sources */,
				028BD6DA1E8A934C000F43E7 /* DeeplinkNavigable.swift in Sources */,
			);
			runOnlyForDeploymentPostprocessing = 0;
		};
		02E0B77E1E77B84100A6845D /* Sources */ = {
			isa = PBXSourcesBuildPhase;
			buildActionMask = 2147483647;
			files = (
				02E0B7851E77B84100A6845D /* DeeplinkNavigatorTests.swift in Sources */,
			);
			runOnlyForDeploymentPostprocessing = 0;
		};
/* End PBXSourcesBuildPhase section */

/* Begin PBXTargetDependency section */
		02E0B7881E77B84100A6845D /* PBXTargetDependency */ = {
			isa = PBXTargetDependency;
			target = 02E0B74F1E7662AD00A6845D /* DeeplinkNavigator */;
			targetProxy = 02E0B7871E77B84100A6845D /* PBXContainerItemProxy */;
		};
/* End PBXTargetDependency section */

/* Begin PBXVariantGroup section */
		02E0B7571E7662AD00A6845D /* Main.storyboard */ = {
			isa = PBXVariantGroup;
			children = (
				02E0B7581E7662AD00A6845D /* Base */,
			);
			name = Main.storyboard;
			sourceTree = "<group>";
		};
		02E0B75C1E7662AD00A6845D /* LaunchScreen.storyboard */ = {
			isa = PBXVariantGroup;
			children = (
				02E0B75D1E7662AD00A6845D /* Base */,
			);
			name = LaunchScreen.storyboard;
			sourceTree = "<group>";
		};
/* End PBXVariantGroup section */

/* Begin XCBuildConfiguration section */
		02E0B7601E7662AD00A6845D /* Debug */ = {
			isa = XCBuildConfiguration;
			buildSettings = {
				ALWAYS_SEARCH_USER_PATHS = NO;
				CLANG_ANALYZER_NONNULL = YES;
				CLANG_CXX_LANGUAGE_STANDARD = "gnu++0x";
				CLANG_CXX_LIBRARY = "libc++";
				CLANG_ENABLE_MODULES = YES;
				CLANG_ENABLE_OBJC_ARC = YES;
				CLANG_WARN_BOOL_CONVERSION = YES;
				CLANG_WARN_CONSTANT_CONVERSION = YES;
				CLANG_WARN_DIRECT_OBJC_ISA_USAGE = YES_ERROR;
				CLANG_WARN_DOCUMENTATION_COMMENTS = YES;
				CLANG_WARN_EMPTY_BODY = YES;
				CLANG_WARN_ENUM_CONVERSION = YES;
				CLANG_WARN_INFINITE_RECURSION = YES;
				CLANG_WARN_INT_CONVERSION = YES;
				CLANG_WARN_OBJC_ROOT_CLASS = YES_ERROR;
				CLANG_WARN_SUSPICIOUS_MOVE = YES;
				CLANG_WARN_UNREACHABLE_CODE = YES;
				CLANG_WARN__DUPLICATE_METHOD_MATCH = YES;
				"CODE_SIGN_IDENTITY[sdk=iphoneos*]" = "iPhone Developer";
				COPY_PHASE_STRIP = NO;
				DEBUG_INFORMATION_FORMAT = dwarf;
				ENABLE_STRICT_OBJC_MSGSEND = YES;
				ENABLE_TESTABILITY = YES;
				GCC_C_LANGUAGE_STANDARD = gnu99;
				GCC_DYNAMIC_NO_PIC = NO;
				GCC_NO_COMMON_BLOCKS = YES;
				GCC_OPTIMIZATION_LEVEL = 0;
				GCC_PREPROCESSOR_DEFINITIONS = (
					"DEBUG=1",
					"$(inherited)",
				);
				GCC_WARN_64_TO_32_BIT_CONVERSION = YES;
				GCC_WARN_ABOUT_RETURN_TYPE = YES_ERROR;
				GCC_WARN_UNDECLARED_SELECTOR = YES;
				GCC_WARN_UNINITIALIZED_AUTOS = YES_AGGRESSIVE;
				GCC_WARN_UNUSED_FUNCTION = YES;
				GCC_WARN_UNUSED_VARIABLE = YES;
				IPHONEOS_DEPLOYMENT_TARGET = 10.2;
				MTL_ENABLE_DEBUG_INFO = YES;
				ONLY_ACTIVE_ARCH = YES;
				SDKROOT = iphoneos;
				SWIFT_ACTIVE_COMPILATION_CONDITIONS = DEBUG;
				SWIFT_OPTIMIZATION_LEVEL = "-Onone";
			};
			name = Debug;
		};
		02E0B7611E7662AD00A6845D /* Release */ = {
			isa = XCBuildConfiguration;
			buildSettings = {
				ALWAYS_SEARCH_USER_PATHS = NO;
				CLANG_ANALYZER_NONNULL = YES;
				CLANG_CXX_LANGUAGE_STANDARD = "gnu++0x";
				CLANG_CXX_LIBRARY = "libc++";
				CLANG_ENABLE_MODULES = YES;
				CLANG_ENABLE_OBJC_ARC = YES;
				CLANG_WARN_BOOL_CONVERSION = YES;
				CLANG_WARN_CONSTANT_CONVERSION = YES;
				CLANG_WARN_DIRECT_OBJC_ISA_USAGE = YES_ERROR;
				CLANG_WARN_DOCUMENTATION_COMMENTS = YES;
				CLANG_WARN_EMPTY_BODY = YES;
				CLANG_WARN_ENUM_CONVERSION = YES;
				CLANG_WARN_INFINITE_RECURSION = YES;
				CLANG_WARN_INT_CONVERSION = YES;
				CLANG_WARN_OBJC_ROOT_CLASS = YES_ERROR;
				CLANG_WARN_SUSPICIOUS_MOVE = YES;
				CLANG_WARN_UNREACHABLE_CODE = YES;
				CLANG_WARN__DUPLICATE_METHOD_MATCH = YES;
				"CODE_SIGN_IDENTITY[sdk=iphoneos*]" = "iPhone Developer";
				COPY_PHASE_STRIP = NO;
				DEBUG_INFORMATION_FORMAT = "dwarf-with-dsym";
				ENABLE_NS_ASSERTIONS = NO;
				ENABLE_STRICT_OBJC_MSGSEND = YES;
				GCC_C_LANGUAGE_STANDARD = gnu99;
				GCC_NO_COMMON_BLOCKS = YES;
				GCC_WARN_64_TO_32_BIT_CONVERSION = YES;
				GCC_WARN_ABOUT_RETURN_TYPE = YES_ERROR;
				GCC_WARN_UNDECLARED_SELECTOR = YES;
				GCC_WARN_UNINITIALIZED_AUTOS = YES_AGGRESSIVE;
				GCC_WARN_UNUSED_FUNCTION = YES;
				GCC_WARN_UNUSED_VARIABLE = YES;
				IPHONEOS_DEPLOYMENT_TARGET = 10.2;
				MTL_ENABLE_DEBUG_INFO = NO;
				SDKROOT = iphoneos;
				SWIFT_OPTIMIZATION_LEVEL = "-Owholemodule";
				VALIDATE_PRODUCT = YES;
			};
			name = Release;
		};
		02E0B7631E7662AD00A6845D /* Debug */ = {
			isa = XCBuildConfiguration;
			baseConfigurationReference = 396A8B6D9E0B6FF14BE46D72 /* Pods-DeeplinkNavigator.debug.xcconfig */;
			buildSettings = {
				ASSETCATALOG_COMPILER_APPICON_NAME = AppIcon;
				DEVELOPMENT_TEAM = 2L4985KKX7;
				INFOPLIST_FILE = DeeplinkNavigator/Info.plist;
				IPHONEOS_DEPLOYMENT_TARGET = 8.0;
				LD_RUNPATH_SEARCH_PATHS = "$(inherited) @executable_path/Frameworks";
				PRODUCT_BUNDLE_IDENTIFIER = com.hanguang.app.DeeplinkNavigator;
				PRODUCT_NAME = "$(TARGET_NAME)";
				SWIFT_VERSION = 3.0;
			};
			name = Debug;
		};
		02E0B7641E7662AD00A6845D /* Release */ = {
			isa = XCBuildConfiguration;
			baseConfigurationReference = 97A662B71DA73BA450C99444 /* Pods-DeeplinkNavigator.release.xcconfig */;
			buildSettings = {
				ASSETCATALOG_COMPILER_APPICON_NAME = AppIcon;
				DEVELOPMENT_TEAM = 2L4985KKX7;
				INFOPLIST_FILE = DeeplinkNavigator/Info.plist;
				IPHONEOS_DEPLOYMENT_TARGET = 8.0;
				LD_RUNPATH_SEARCH_PATHS = "$(inherited) @executable_path/Frameworks";
				PRODUCT_BUNDLE_IDENTIFIER = com.hanguang.app.DeeplinkNavigator;
				PRODUCT_NAME = "$(TARGET_NAME)";
				SWIFT_VERSION = 3.0;
			};
			name = Release;
		};
		02E0B78A1E77B84100A6845D /* Debug */ = {
			isa = XCBuildConfiguration;
			buildSettings = {
				BUNDLE_LOADER = "$(TEST_HOST)";
				DEVELOPMENT_TEAM = 2L4985KKX7;
				INFOPLIST_FILE = DeeplinkNavigatorTests/Info.plist;
				LD_RUNPATH_SEARCH_PATHS = "$(inherited) @executable_path/Frameworks @loader_path/Frameworks";
				PRODUCT_BUNDLE_IDENTIFIER = com.hanguang.app.DeeplinkNavigatorTests;
				PRODUCT_NAME = "$(TARGET_NAME)";
				SWIFT_VERSION = 3.0;
				TEST_HOST = "$(BUILT_PRODUCTS_DIR)/DeeplinkNavigator.app/DeeplinkNavigator";
			};
			name = Debug;
		};
		02E0B78B1E77B84100A6845D /* Release */ = {
			isa = XCBuildConfiguration;
			buildSettings = {
				BUNDLE_LOADER = "$(TEST_HOST)";
				DEVELOPMENT_TEAM = 2L4985KKX7;
				INFOPLIST_FILE = DeeplinkNavigatorTests/Info.plist;
				LD_RUNPATH_SEARCH_PATHS = "$(inherited) @executable_path/Frameworks @loader_path/Frameworks";
				PRODUCT_BUNDLE_IDENTIFIER = com.hanguang.app.DeeplinkNavigatorTests;
				PRODUCT_NAME = "$(TARGET_NAME)";
				SWIFT_VERSION = 3.0;
				TEST_HOST = "$(BUILT_PRODUCTS_DIR)/DeeplinkNavigator.app/DeeplinkNavigator";
			};
			name = Release;
		};
/* End XCBuildConfiguration section */

/* Begin XCConfigurationList section */
		02E0B74B1E7662AD00A6845D /* Build configuration list for PBXProject "DeeplinkNavigator" */ = {
			isa = XCConfigurationList;
			buildConfigurations = (
				02E0B7601E7662AD00A6845D /* Debug */,
				02E0B7611E7662AD00A6845D /* Release */,
			);
			defaultConfigurationIsVisible = 0;
			defaultConfigurationName = Release;
		};
		02E0B7621E7662AD00A6845D /* Build configuration list for PBXNativeTarget "DeeplinkNavigator" */ = {
			isa = XCConfigurationList;
			buildConfigurations = (
				02E0B7631E7662AD00A6845D /* Debug */,
				02E0B7641E7662AD00A6845D /* Release */,
			);
			defaultConfigurationIsVisible = 0;
			defaultConfigurationName = Release;
		};
		02E0B7891E77B84100A6845D /* Build configuration list for PBXNativeTarget "DeeplinkNavigatorTests" */ = {
			isa = XCConfigurationList;
			buildConfigurations = (
				02E0B78A1E77B84100A6845D /* Debug */,
				02E0B78B1E77B84100A6845D /* Release */,
			);
			defaultConfigurationIsVisible = 0;
			defaultConfigurationName = Release;
		};
/* End XCConfigurationList section */
	};
	rootObject = 02E0B7481E7662AD00A6845D /* Project object */;
}
